
Microsoft Visual Studio Solution File, Format Version 12.00
# Visual Studio Version 17
VisualStudioVersion = 17.5.002.0
MinimumVisualStudioVersion = 10.0.40219.1
Project("{9A19103F-16F7-4668-BE54-9A1E7A4F7556}") = "Transcriber", "Transcriber\Transcriber.csproj", "{A7C84488-A528-4FA3-8FB2-FA671C0C037A}"
EndProject
Project("{FAE04EC0-301F-11D3-BF4B-00C04F79EFBC}") = "Tests", "Tests\Tests.csproj", "{E75CF433-323D-455F-8D13-3B1046AEE3C6}"
EndProject
Project("{2150E333-8FDC-42A3-9474-1A3956D46DE8}") = "Solution Items", "Solution Items", "{8EC462FD-D22E-90A8-E5CE-7E832BA40C5D}"
	ProjectSection(SolutionItems) = preProject
		README.md = README.md
	EndProjectSection
EndProject
Global
	GlobalSection(SolutionConfigurationPlatforms) = preSolution
		Debug|Any CPU = Debug|Any CPU
		Release|Any CPU = Release|Any CPU
	EndGlobalSection
	GlobalSection(ProjectConfigurationPlatforms) = postSolution
		{A7C84488-A528-4FA3-8FB2-FA671C0C037A}.Debug|Any CPU.ActiveCfg = Debug|Any CPU
		{A7C84488-A528-4FA3-8FB2-FA671C0C037A}.Debug|Any CPU.Build.0 = Debug|Any CPU
		{A7C84488-A528-4FA3-8FB2-FA671C0C037A}.Release|Any CPU.ActiveCfg = Release|Any CPU
		{A7C84488-A528-4FA3-8FB2-FA671C0C037A}.Release|Any CPU.Build.0 = Release|Any CPU
		{E75CF433-323D-455F-8D13-3B1046AEE3C6}.Debug|Any CPU.ActiveCfg = Debug|Any CPU
		{E75CF433-323D-455F-8D13-3B1046AEE3C6}.Debug|Any CPU.Build.0 = Debug|Any CPU
		{E75CF433-323D-455F-8D13-3B1046AEE3C6}.Release|Any CPU.ActiveCfg = Release|Any CPU
		{E75CF433-323D-455F-8D13-3B1046AEE3C6}.Release|Any CPU.Build.0 = Release|Any CPU
	EndGlobalSection
	GlobalSection(SolutionProperties) = preSolution
		HideSolutionNode = FALSE
	EndGlobalSection
	GlobalSection(ExtensibilityGlobals) = postSolution
		SolutionGuid = {0CE81BC0-708C-43AD-9586-7C724B805E56}
	EndGlobalSection
EndGlobal
